
Microsoft Visual Studio Solution File, Format Version 12.00
# Visual Studio 15
VisualStudioVersion = 15.0.28307.136
MinimumVisualStudioVersion = 10.0.40219.1
Project("{FAE04EC0-301F-11D3-BF4B-00C04F79EFBC}") = "Demo", "Demo\Demo.csproj", "{4F125790-AFB6-482B-9655-6075318CCB90}"
EndProject
Global
	GlobalSection(SolutionConfigurationPlatforms) = preSolution
		Debug|Any CPU = Debug|Any CPU
		Release|Any CPU = Release|Any CPU
	EndGlobalSection
	GlobalSection(ProjectConfigurationPlatforms) = postSolution
		{4F125790-AFB6-482B-9655-6075318CCB90}.Debug|Any CPU.ActiveCfg = Debug|Any CPU
		{4F125790-AFB6-482B-9655-6075318CCB90}.Debug|Any CPU.Build.0 = Debug|Any CPU
		{4F125790-AFB6-482B-9655-6075318CCB90}.Release|Any CPU.ActiveCfg = Release|Any CPU
		{4F125790-AFB6-482B-9655-6075318CCB90}.Release|Any CPU.Build.0 = Release|Any CPU
	EndGlobalSection
	GlobalSection(SolutionProperties) = preSolution
		HideSolutionNode = FALSE
	EndGlobalSection
	GlobalSection(ExtensibilityGlobals) = postSolution
		SolutionGuid = {E9F1FB6B-85B3-4EB7-8DBE-BC036C4AA978}
	EndGlobalSection
EndGlobal
